# This file is automatically @generated by Cargo.
# It is not intended for manual editing.
version = 4

[[package]]
name = "bitflags"
version = "2.9.0"
source = "registry+https://github.com/rust-lang/crates.io-index"
checksum = "5c8214115b7bf84099f1309324e63141d4c5d7cc26862f97a0a857dbefe165bd"

[[package]]
name = "cc"
version = "1.2.20"
source = "registry+https://github.com/rust-lang/crates.io-index"
checksum = "04da6a0d40b948dfc4fa8f5bbf402b0fc1a64a28dbf7d12ffd683550f2c1b63a"
dependencies = [
 "shlex",
]

[[package]]
name = "cmake"
version = "0.1.54"
source = "registry+https://github.com/rust-lang/crates.io-index"
checksum = "e7caa3f9de89ddbe2c607f4101924c5abec803763ae9534e4f4d7d8f84aa81f0"
dependencies = [
 "cc",
]

[[package]]
name = "cmk"
version = "0.1.2"
source = "registry+https://github.com/rust-lang/crates.io-index"
checksum = "8fd5de2a10e31b3ec3e8d75e7ccf8281ab3ee55de68f7ab6ffa9e21be8d82f22"

[[package]]
name = "crossbeam-channel"
version = "0.5.15"
source = "registry+https://github.com/rust-lang/crates.io-index"
checksum = "82b8f8f868b36967f9606790d1903570de9ceaf870a7bf9fbbd3016d636a2cb2"
dependencies = [
 "crossbeam-utils",
]

[[package]]
name = "crossbeam-utils"
version = "0.8.21"
source = "registry+https://github.com/rust-lang/crates.io-index"
checksum = "d0a5c400df2834b80a4c3327b3aad3a4c4cd4de0629063962b03235697506a28"

[[package]]
name = "entrusted"
version = "0.1.0"
dependencies = [
 "fltk",
]

[[package]]
name = "fltk"
version = "1.5.6"
source = "registry+https://github.com/rust-lang/crates.io-index"
checksum = "c77506d5be52962133581eec64190107802362acfa8c99a956592bd653b5a45c"
dependencies = [
 "bitflags",
 "crossbeam-channel",
 "fltk-sys",
 "once_cell",
 "paste",
 "ttf-parser",
]

[[package]]
name = "fltk-sys"
version = "1.5.6"
source = "registry+https://github.com/rust-lang/crates.io-index"
checksum = "7d3f2875cca090974dc0858cd78dcabfd74bd808f1f813b2ff469bdda413f22a"
dependencies = [
 "cmake",
 "cmk",
]

[[package]]
name = "once_cell"
version = "1.21.3"
source = "registry+https://github.com/rust-lang/crates.io-index"
checksum = "42f5e15c9953c5e4ccceeb2e7382a716482c34515315f7b03532b8b4e8393d2d"

[[package]]
name = "paste"
version = "1.0.15"
source = "registry+https://github.com/rust-lang/crates.io-index"
checksum = "57c0d7b74b563b49d38dae00a0c37d4d6de9b432382b2892f0574ddcae73fd0a"

[[package]]
name = "shlex"
version = "1.3.0"
source = "registry+https://github.com/rust-lang/crates.io-index"
checksum = "0fda2ff0d084019ba4d7c6f371c95d8fd75ce3524c3cb8fb653a3023f6323e64"

[[package]]
name = "ttf-parser"
version = "0.25.1"
source = "registry+https://github.com/rust-lang/crates.io-index"
checksum = "d2df906b07856748fa3f6e0ad0cbaa047052d4a7dd609e231c4f72cee8c36f31"
